// !$*UTF8*$!
{
	archiveVersion = 1;
	classes = {
	};
	objectVersion = 50;
	objects = {

/* Begin PBXBuildFile section */
		CC0EEE2A26209582003B3267 /* Mode.swift in Sources */ = {isa = PBXBuildFile; fileRef = CC0EEE2926209582003B3267 /* Mode.swift */; };
		CC10038C25C8503900F1FBB6 /* AppDelegate.swift in Sources */ = {isa = PBXBuildFile; fileRef = CC10038B25C8503900F1FBB6 /* AppDelegate.swift */; };
		CC10038E25C8503900F1FBB6 /* SceneDelegate.swift in Sources */ = {isa = PBXBuildFile; fileRef = CC10038D25C8503900F1FBB6 /* SceneDelegate.swift */; };
		CC10039025C8503900F1FBB6 /* ConnectPageViewController.swift in Sources */ = {isa = PBXBuildFile; fileRef = CC10038F25C8503900F1FBB6 /* ConnectPageViewController.swift */; };
		CC10039325C8503900F1FBB6 /* Main.storyboard in Resources */ = {isa = PBXBuildFile; fileRef = CC10039125C8503900F1FBB6 /* Main.storyboard */; };
		CC10039625C8503900F1FBB6 /* Maia.xcdatamodeld in Sources */ = {isa = PBXBuildFile; fileRef = CC10039425C8503900F1FBB6 /* Maia.xcdatamodeld */; };
		CC10039825C8503A00F1FBB6 /* Assets.xcassets in Resources */ = {isa = PBXBuildFile; fileRef = CC10039725C8503A00F1FBB6 /* Assets.xcassets */; };
		CC10039B25C8503A00F1FBB6 /* LaunchScreen.storyboard in Resources */ = {isa = PBXBuildFile; fileRef = CC10039925C8503A00F1FBB6 /* LaunchScreen.storyboard */; };
		CC133762260CD2D600C75266 /* Roboto-Light.ttf in Resources */ = {isa = PBXBuildFile; fileRef = CC133761260CD2D600C75266 /* Roboto-Light.ttf */; };
		CC133767260E219300C75266 /* ModesViewController.swift in Sources */ = {isa = PBXBuildFile; fileRef = CC133766260E219300C75266 /* ModesViewController.swift */; };
		CC13376D260E289E00C75266 /* DesignableView.swift in Sources */ = {isa = PBXBuildFile; fileRef = CC13376C260E289E00C75266 /* DesignableView.swift */; };
		CC133771260E2CB300C75266 /* ColorsViewController.swift in Sources */ = {isa = PBXBuildFile; fileRef = CC133770260E2CB300C75266 /* ColorsViewController.swift */; };
		CC133775260E2D0100C75266 /* RulesViewController.swift in Sources */ = {isa = PBXBuildFile; fileRef = CC133774260E2D0100C75266 /* RulesViewController.swift */; };
		CC133778260E2D1200C75266 /* ReadingsViewController.swift in Sources */ = {isa = PBXBuildFile; fileRef = CC133777260E2D1200C75266 /* ReadingsViewController.swift */; };
		CC13377B260E2EF000C75266 /* InfoModalViewController.swift in Sources */ = {isa = PBXBuildFile; fileRef = CC13377A260E2EF000C75266 /* InfoModalViewController.swift */; };
		CC72819D260A423A0091C232 /* Parisienne-Courant.ttf in Resources */ = {isa = PBXBuildFile; fileRef = CC72819C260A423A0091C232 /* Parisienne-Courant.ttf */; };
		CCB684A52625D8CC0022CCEA /* ModeCell.swift in Sources */ = {isa = PBXBuildFile; fileRef = CCB684A32625D8CC0022CCEA /* ModeCell.swift */; };
		CCB684A62625D8CC0022CCEA /* ModeCell.xib in Resources */ = {isa = PBXBuildFile; fileRef = CCB684A42625D8CC0022CCEA /* ModeCell.xib */; };
/* End PBXBuildFile section */

/* Begin PBXFileReference section */
		CC0EEE2926209582003B3267 /* Mode.swift */ = {isa = PBXFileReference; lastKnownFileType = sourcecode.swift; path = Mode.swift; sourceTree = "<group>"; };
		CC10038825C8503900F1FBB6 /* Maia.app */ = {isa = PBXFileReference; explicitFileType = wrapper.application; includeInIndex = 0; path = Maia.app; sourceTree = BUILT_PRODUCTS_DIR; };
		CC10038B25C8503900F1FBB6 /* AppDelegate.swift */ = {isa = PBXFileReference; lastKnownFileType = sourcecode.swift; path = AppDelegate.swift; sourceTree = "<group>"; };
		CC10038D25C8503900F1FBB6 /* SceneDelegate.swift */ = {isa = PBXFileReference; lastKnownFileType = sourcecode.swift; path = SceneDelegate.swift; sourceTree = "<group>"; };
		CC10038F25C8503900F1FBB6 /* ConnectPageViewController.swift */ = {isa = PBXFileReference; lastKnownFileType = sourcecode.swift; path = ConnectPageViewController.swift; sourceTree = "<group>"; };
		CC10039225C8503900F1FBB6 /* Base */ = {isa = PBXFileReference; lastKnownFileType = file.storyboard; name = Base; path = Base.lproj/Main.storyboard; sourceTree = "<group>"; };
		CC10039525C8503900F1FBB6 /* Maia.xcdatamodel */ = {isa = PBXFileReference; lastKnownFileType = wrapper.xcdatamodel; path = Maia.xcdatamodel; sourceTree = "<group>"; };
		CC10039725C8503A00F1FBB6 /* Assets.xcassets */ = {isa = PBXFileReference; lastKnownFileType = folder.assetcatalog; path = Assets.xcassets; sourceTree = "<group>"; };
		CC10039A25C8503A00F1FBB6 /* Base */ = {isa = PBXFileReference; lastKnownFileType = file.storyboard; name = Base; path = Base.lproj/LaunchScreen.storyboard; sourceTree = "<group>"; };
		CC10039C25C8503A00F1FBB6 /* Info.plist */ = {isa = PBXFileReference; lastKnownFileType = text.plist.xml; path = Info.plist; sourceTree = "<group>"; };
		CC133761260CD2D600C75266 /* Roboto-Light.ttf */ = {isa = PBXFileReference; lastKnownFileType = file; path = "Roboto-Light.ttf"; sourceTree = "<group>"; };
		CC133766260E219300C75266 /* ModesViewController.swift */ = {isa = PBXFileReference; lastKnownFileType = sourcecode.swift; path = ModesViewController.swift; sourceTree = "<group>"; };
		CC13376C260E289E00C75266 /* DesignableView.swift */ = {isa = PBXFileReference; lastKnownFileType = sourcecode.swift; path = DesignableView.swift; sourceTree = "<group>"; };
		CC133770260E2CB300C75266 /* ColorsViewController.swift */ = {isa = PBXFileReference; lastKnownFileType = sourcecode.swift; path = ColorsViewController.swift; sourceTree = "<group>"; };
		CC133774260E2D0100C75266 /* RulesViewController.swift */ = {isa = PBXFileReference; lastKnownFileType = sourcecode.swift; path = RulesViewController.swift; sourceTree = "<group>"; };
		CC133777260E2D1200C75266 /* ReadingsViewController.swift */ = {isa = PBXFileReference; lastKnownFileType = sourcecode.swift; path = ReadingsViewController.swift; sourceTree = "<group>"; };
		CC13377A260E2EF000C75266 /* InfoModalViewController.swift */ = {isa = PBXFileReference; lastKnownFileType = sourcecode.swift; path = InfoModalViewController.swift; sourceTree = "<group>"; };
		CC72819C260A423A0091C232 /* Parisienne-Courant.ttf */ = {isa = PBXFileReference; lastKnownFileType = file; path = "Parisienne-Courant.ttf"; sourceTree = "<group>"; };
		CCB684A32625D8CC0022CCEA /* ModeCell.swift */ = {isa = PBXFileReference; lastKnownFileType = sourcecode.swift; name = ModeCell.swift; path = Maia/Controller/ModeCell.swift; sourceTree = SOURCE_ROOT; };
		CCB684A42625D8CC0022CCEA /* ModeCell.xib */ = {isa = PBXFileReference; lastKnownFileType = file.xib; name = ModeCell.xib; path = Maia/Controller/ModeCell.xib; sourceTree = SOURCE_ROOT; };
/* End PBXFileReference section */

/* Begin PBXFrameworksBuildPhase section */
		CC10038525C8503900F1FBB6 /* Frameworks */ = {
			isa = PBXFrameworksBuildPhase;
			buildActionMask = 2147483647;
			files = (
			);
			runOnlyForDeploymentPostprocessing = 0;
		};
/* End PBXFrameworksBuildPhase section */

/* Begin PBXGroup section */
		CC0EEE2826209557003B3267 /* Model */ = {
			isa = PBXGroup;
			children = (
				CC0EEE2926209582003B3267 /* Mode.swift */,
			);
			path = Model;
			sourceTree = "<group>";
		};
		CC10037F25C8503900F1FBB6 = {
			isa = PBXGroup;
			children = (
				CC10038A25C8503900F1FBB6 /* Maia */,
				CC10038925C8503900F1FBB6 /* Products */,
			);
			sourceTree = "<group>";
		};
		CC10038925C8503900F1FBB6 /* Products */ = {
			isa = PBXGroup;
			children = (
				CC10038825C8503900F1FBB6 /* Maia.app */,
			);
			name = Products;
			sourceTree = "<group>";
		};
		CC10038A25C8503900F1FBB6 /* Maia */ = {
			isa = PBXGroup;
			children = (
				CC0EEE2826209557003B3267 /* Model */,
				CCB765D02608D33400A78B83 /* View */,
				CCB765D12608D34700A78B83 /* Controller */,
				CC13376B260E286F00C75266 /* IBDesignables */,
				CC133760260CD2A900C75266 /* Fonts */,
				CC10038B25C8503900F1FBB6 /* AppDelegate.swift */,
				CC10038D25C8503900F1FBB6 /* SceneDelegate.swift */,
				CC10039725C8503A00F1FBB6 /* Assets.xcassets */,
				CC10039925C8503A00F1FBB6 /* LaunchScreen.storyboard */,
				CC10039C25C8503A00F1FBB6 /* Info.plist */,
				CC10039425C8503900F1FBB6 /* Maia.xcdatamodeld */,
			);
			path = Maia;
			sourceTree = "<group>";
		};
		CC133760260CD2A900C75266 /* Fonts */ = {
			isa = PBXGroup;
			children = (
				CC72819C260A423A0091C232 /* Parisienne-Courant.ttf */,
				CC133761260CD2D600C75266 /* Roboto-Light.ttf */,
			);
			path = Fonts;
			sourceTree = "<group>";
		};
		CC13376B260E286F00C75266 /* IBDesignables */ = {
			isa = PBXGroup;
			children = (
				CC13376C260E289E00C75266 /* DesignableView.swift */,
			);
			path = IBDesignables;
			sourceTree = "<group>";
		};
		CCB765D02608D33400A78B83 /* View */ = {
			isa = PBXGroup;
			children = (
				CCB684A32625D8CC0022CCEA /* ModeCell.swift */,
				CCB684A42625D8CC0022CCEA /* ModeCell.xib */,
				CC10039125C8503900F1FBB6 /* Main.storyboard */,
			);
			path = View;
			sourceTree = "<group>";
		};
		CCB765D12608D34700A78B83 /* Controller */ = {
			isa = PBXGroup;
			children = (
				CC10038F25C8503900F1FBB6 /* ConnectPageViewController.swift */,
				CC133766260E219300C75266 /* ModesViewController.swift */,
				CC133770260E2CB300C75266 /* ColorsViewController.swift */,
				CC133774260E2D0100C75266 /* RulesViewController.swift */,
				CC133777260E2D1200C75266 /* ReadingsViewController.swift */,
				CC13377A260E2EF000C75266 /* InfoModalViewController.swift */,
			);
			path = Controller;
			sourceTree = "<group>";
		};
/* End PBXGroup section */

/* Begin PBXNativeTarget section */
		CC10038725C8503900F1FBB6 /* Maia */ = {
			isa = PBXNativeTarget;
			buildConfigurationList = CC10039F25C8503A00F1FBB6 /* Build configuration list for PBXNativeTarget "Maia" */;
			buildPhases = (
				CC10038425C8503900F1FBB6 /* Sources */,
				CC10038525C8503900F1FBB6 /* Frameworks */,
				CC10038625C8503900F1FBB6 /* Resources */,
			);
			buildRules = (
			);
			dependencies = (
			);
			name = Maia;
			productName = Maia;
			productReference = CC10038825C8503900F1FBB6 /* Maia.app */;
			productType = "com.apple.product-type.application";
		};
/* End PBXNativeTarget section */

/* Begin PBXProject section */
		CC10038025C8503900F1FBB6 /* Project object */ = {
			isa = PBXProject;
			attributes = {
				LastSwiftUpdateCheck = 1230;
				LastUpgradeCheck = 1230;
				TargetAttributes = {
					CC10038725C8503900F1FBB6 = {
						CreatedOnToolsVersion = 12.3;
					};
				};
			};
			buildConfigurationList = CC10038325C8503900F1FBB6 /* Build configuration list for PBXProject "Maia" */;
			compatibilityVersion = "Xcode 9.3";
			developmentRegion = en;
			hasScannedForEncodings = 0;
			knownRegions = (
				en,
				Base,
			);
			mainGroup = CC10037F25C8503900F1FBB6;
			productRefGroup = CC10038925C8503900F1FBB6 /* Products */;
			projectDirPath = "";
			projectRoot = "";
			targets = (
				CC10038725C8503900F1FBB6 /* Maia */,
			);
		};
/* End PBXProject section */

/* Begin PBXResourcesBuildPhase section */
		CC10038625C8503900F1FBB6 /* Resources */ = {
			isa = PBXResourcesBuildPhase;
			buildActionMask = 2147483647;
			files = (
				CC10039B25C8503A00F1FBB6 /* LaunchScreen.storyboard in Resources */,
				CC10039825C8503A00F1FBB6 /* Assets.xcassets in Resources */,
				CC133762260CD2D600C75266 /* Roboto-Light.ttf in Resources */,
				CC10039325C8503900F1FBB6 /* Main.storyboard in Resources */,
				CCB684A62625D8CC0022CCEA /* ModeCell.xib in Resources */,
				CC72819D260A423A0091C232 /* Parisienne-Courant.ttf in Resources */,
			);
			runOnlyForDeploymentPostprocessing = 0;
		};
/* End PBXResourcesBuildPhase section */

/* Begin PBXSourcesBuildPhase section */
		CC10038425C8503900F1FBB6 /* Sources */ = {
			isa = PBXSourcesBuildPhase;
			buildActionMask = 2147483647;
			files = (
				CC133771260E2CB300C75266 /* ColorsViewController.swift in Sources */,
				CC133767260E219300C75266 /* ModesViewController.swift in Sources */,
				CC133778260E2D1200C75266 /* ReadingsViewController.swift in Sources */,
				CC10039025C8503900F1FBB6 /* ConnectPageViewController.swift in Sources */,
				CC13376D260E289E00C75266 /* DesignableView.swift in Sources */,
				CC10039625C8503900F1FBB6 /* Maia.xcdatamodeld in Sources */,
				CCB684A52625D8CC0022CCEA /* ModeCell.swift in Sources */,
				CC10038C25C8503900F1FBB6 /* AppDelegate.swift in Sources */,
				CC133775260E2D0100C75266 /* RulesViewController.swift in Sources */,
				CC13377B260E2EF000C75266 /* InfoModalViewController.swift in Sources */,
				CC0EEE2A26209582003B3267 /* Mode.swift in Sources */,
				CC10038E25C8503900F1FBB6 /* SceneDelegate.swift in Sources */,
			);
			runOnlyForDeploymentPostprocessing = 0;
		};
/* End PBXSourcesBuildPhase section */

/* Begin PBXVariantGroup section */
		CC10039125C8503900F1FBB6 /* Main.storyboard */ = {
			isa = PBXVariantGroup;
			children = (
				CC10039225C8503900F1FBB6 /* Base */,
			);
			name = Main.storyboard;
			sourceTree = "<group>";
		};
		CC10039925C8503A00F1FBB6 /* LaunchScreen.storyboard */ = {
			isa = PBXVariantGroup;
			children = (
				CC10039A25C8503A00F1FBB6 /* Base */,
			);
			name = LaunchScreen.storyboard;
			sourceTree = "<group>";
		};
/* End PBXVariantGroup section */

/* Begin XCBuildConfiguration section */
		CC10039D25C8503A00F1FBB6 /* Debug */ = {
			isa = XCBuildConfiguration;
			buildSettings = {
				ALWAYS_SEARCH_USER_PATHS = NO;
				CLANG_ANALYZER_NONNULL = YES;
				CLANG_ANALYZER_NUMBER_OBJECT_CONVERSION = YES_AGGRESSIVE;
				CLANG_CXX_LANGUAGE_STANDARD = "gnu++14";
				CLANG_CXX_LIBRARY = "libc++";
				CLANG_ENABLE_MODULES = YES;
				CLANG_ENABLE_OBJC_ARC = YES;
				CLANG_ENABLE_OBJC_WEAK = YES;
				CLANG_WARN_BLOCK_CAPTURE_AUTORELEASING = YES;
				CLANG_WARN_BOOL_CONVERSION = YES;
				CLANG_WARN_COMMA = YES;
				CLANG_WARN_CONSTANT_CONVERSION = YES;
				CLANG_WARN_DEPRECATED_OBJC_IMPLEMENTATIONS = YES;
				CLANG_WARN_DIRECT_OBJC_ISA_USAGE = YES_ERROR;
				CLANG_WARN_DOCUMENTATION_COMMENTS = YES;
				CLANG_WARN_EMPTY_BODY = YES;
				CLANG_WARN_ENUM_CONVERSION = YES;
				CLANG_WARN_INFINITE_RECURSION = YES;
				CLANG_WARN_INT_CONVERSION = YES;
				CLANG_WARN_NON_LITERAL_NULL_CONVERSION = YES;
				CLANG_WARN_OBJC_IMPLICIT_RETAIN_SELF = YES;
				CLANG_WARN_OBJC_LITERAL_CONVERSION = YES;
				CLANG_WARN_OBJC_ROOT_CLASS = YES_ERROR;
				CLANG_WARN_QUOTED_INCLUDE_IN_FRAMEWORK_HEADER = YES;
				CLANG_WARN_RANGE_LOOP_ANALYSIS = YES;
				CLANG_WARN_STRICT_PROTOTYPES = YES;
				CLANG_WARN_SUSPICIOUS_MOVE = YES;
				CLANG_WARN_UNGUARDED_AVAILABILITY = YES_AGGRESSIVE;
				CLANG_WARN_UNREACHABLE_CODE = YES;
				CLANG_WARN__DUPLICATE_METHOD_MATCH = YES;
				COPY_PHASE_STRIP = NO;
				DEBUG_INFORMATION_FORMAT = dwarf;
				ENABLE_STRICT_OBJC_MSGSEND = YES;
				ENABLE_TESTABILITY = YES;
				GCC_C_LANGUAGE_STANDARD = gnu11;
				GCC_DYNAMIC_NO_PIC = NO;
				GCC_NO_COMMON_BLOCKS = YES;
				GCC_OPTIMIZATION_LEVEL = 0;
				GCC_PREPROCESSOR_DEFINITIONS = (
					"DEBUG=1",
					"$(inherited)",
				);
				GCC_WARN_64_TO_32_BIT_CONVERSION = YES;
				GCC_WARN_ABOUT_RETURN_TYPE = YES_ERROR;
				GCC_WARN_UNDECLARED_SELECTOR = YES;
				GCC_WARN_UNINITIALIZED_AUTOS = YES_AGGRESSIVE;
				GCC_WARN_UNUSED_FUNCTION = YES;
				GCC_WARN_UNUSED_VARIABLE = YES;
				IPHONEOS_DEPLOYMENT_TARGET = 14.3;
				MTL_ENABLE_DEBUG_INFO = INCLUDE_SOURCE;
				MTL_FAST_MATH = YES;
				ONLY_ACTIVE_ARCH = YES;
				SDKROOT = iphoneos;
				SWIFT_ACTIVE_COMPILATION_CONDITIONS = DEBUG;
				SWIFT_OPTIMIZATION_LEVEL = "-Onone";
			};
			name = Debug;
		};
		CC10039E25C8503A00F1FBB6 /* Release */ = {
			isa = XCBuildConfiguration;
			buildSettings = {
				ALWAYS_SEARCH_USER_PATHS = NO;
				CLANG_ANALYZER_NONNULL = YES;
				CLANG_ANALYZER_NUMBER_OBJECT_CONVERSION = YES_AGGRESSIVE;
				CLANG_CXX_LANGUAGE_STANDARD = "gnu++14";
				CLANG_CXX_LIBRARY = "libc++";
				CLANG_ENABLE_MODULES = YES;
				CLANG_ENABLE_OBJC_ARC = YES;
				CLANG_ENABLE_OBJC_WEAK = YES;
				CLANG_WARN_BLOCK_CAPTURE_AUTORELEASING = YES;
				CLANG_WARN_BOOL_CONVERSION = YES;
				CLANG_WARN_COMMA = YES;
				CLANG_WARN_CONSTANT_CONVERSION = YES;
				CLANG_WARN_DEPRECATED_OBJC_IMPLEMENTATIONS = YES;
				CLANG_WARN_DIRECT_OBJC_ISA_USAGE = YES_ERROR;
				CLANG_WARN_DOCUMENTATION_COMMENTS = YES;
				CLANG_WARN_EMPTY_BODY = YES;
				CLANG_WARN_ENUM_CONVERSION = YES;
				CLANG_WARN_INFINITE_RECURSION = YES;
				CLANG_WARN_INT_CONVERSION = YES;
				CLANG_WARN_NON_LITERAL_NULL_CONVERSION = YES;
				CLANG_WARN_OBJC_IMPLICIT_RETAIN_SELF = YES;
				CLANG_WARN_OBJC_LITERAL_CONVERSION = YES;
				CLANG_WARN_OBJC_ROOT_CLASS = YES_ERROR;
				CLANG_WARN_QUOTED_INCLUDE_IN_FRAMEWORK_HEADER = YES;
				CLANG_WARN_RANGE_LOOP_ANALYSIS = YES;
				CLANG_WARN_STRICT_PROTOTYPES = YES;
				CLANG_WARN_SUSPICIOUS_MOVE = YES;
				CLANG_WARN_UNGUARDED_AVAILABILITY = YES_AGGRESSIVE;
				CLANG_WARN_UNREACHABLE_CODE = YES;
				CLANG_WARN__DUPLICATE_METHOD_MATCH = YES;
				COPY_PHASE_STRIP = NO;
				DEBUG_INFORMATION_FORMAT = "dwarf-with-dsym";
				ENABLE_NS_ASSERTIONS = NO;
				ENABLE_STRICT_OBJC_MSGSEND = YES;
				GCC_C_LANGUAGE_STANDARD = gnu11;
				GCC_NO_COMMON_BLOCKS = YES;
				GCC_WARN_64_TO_32_BIT_CONVERSION = YES;
				GCC_WARN_ABOUT_RETURN_TYPE = YES_ERROR;
				GCC_WARN_UNDECLARED_SELECTOR = YES;
				GCC_WARN_UNINITIALIZED_AUTOS = YES_AGGRESSIVE;
				GCC_WARN_UNUSED_FUNCTION = YES;
				GCC_WARN_UNUSED_VARIABLE = YES;
				IPHONEOS_DEPLOYMENT_TARGET = 14.3;
				MTL_ENABLE_DEBUG_INFO = NO;
				MTL_FAST_MATH = YES;
				SDKROOT = iphoneos;
				SWIFT_COMPILATION_MODE = wholemodule;
				SWIFT_OPTIMIZATION_LEVEL = "-O";
				VALIDATE_PRODUCT = YES;
			};
			name = Release;
		};
		CC1003A025C8503A00F1FBB6 /* Debug */ = {
			isa = XCBuildConfiguration;
			buildSettings = {
				ASSETCATALOG_COMPILER_APPICON_NAME = AppIcon;
				ASSETCATALOG_COMPILER_GLOBAL_ACCENT_COLOR_NAME = AccentColor;
				CODE_SIGN_STYLE = Automatic;
				INFOPLIST_FILE = Maia/Info.plist;
				IPHONEOS_DEPLOYMENT_TARGET = 13.0;
				LD_RUNPATH_SEARCH_PATHS = (
					"$(inherited)",
					"@executable_path/Frameworks",
				);
				PRODUCT_BUNDLE_IDENTIFIER = com.acoullandreau.Maia;
				PRODUCT_NAME = "$(TARGET_NAME)";
				SWIFT_VERSION = 5.0;
				TARGETED_DEVICE_FAMILY = "1,2";
			};
			name = Debug;
		};
		CC1003A125C8503A00F1FBB6 /* Release */ = {
			isa = XCBuildConfiguration;
			buildSettings = {
				ASSETCATALOG_COMPILER_APPICON_NAME = AppIcon;
				ASSETCATALOG_COMPILER_GLOBAL_ACCENT_COLOR_NAME = AccentColor;
				CODE_SIGN_STYLE = Automatic;
				INFOPLIST_FILE = Maia/Info.plist;
				IPHONEOS_DEPLOYMENT_TARGET = 13.0;
				LD_RUNPATH_SEARCH_PATHS = (
					"$(inherited)",
					"@executable_path/Frameworks",
				);
				PRODUCT_BUNDLE_IDENTIFIER = com.acoullandreau.Maia;
				PRODUCT_NAME = "$(TARGET_NAME)";
				SWIFT_VERSION = 5.0;
				TARGETED_DEVICE_FAMILY = "1,2";
			};
			name = Release;
		};
/* End XCBuildConfiguration section */

/* Begin XCConfigurationList section */
		CC10038325C8503900F1FBB6 /* Build configuration list for PBXProject "Maia" */ = {
			isa = XCConfigurationList;
			buildConfigurations = (
				CC10039D25C8503A00F1FBB6 /* Debug */,
				CC10039E25C8503A00F1FBB6 /* Release */,
			);
			defaultConfigurationIsVisible = 0;
			defaultConfigurationName = Release;
		};
		CC10039F25C8503A00F1FBB6 /* Build configuration list for PBXNativeTarget "Maia" */ = {
			isa = XCConfigurationList;
			buildConfigurations = (
				CC1003A025C8503A00F1FBB6 /* Debug */,
				CC1003A125C8503A00F1FBB6 /* Release */,
			);
			defaultConfigurationIsVisible = 0;
			defaultConfigurationName = Release;
		};
/* End XCConfigurationList section */

/* Begin XCVersionGroup section */
		CC10039425C8503900F1FBB6 /* Maia.xcdatamodeld */ = {
			isa = XCVersionGroup;
			children = (
				CC10039525C8503900F1FBB6 /* Maia.xcdatamodel */,
			);
			currentVersion = CC10039525C8503900F1FBB6 /* Maia.xcdatamodel */;
			path = Maia.xcdatamodeld;
			sourceTree = "<group>";
			versionGroupType = wrapper.xcdatamodel;
		};
/* End XCVersionGroup section */
	};
	rootObject = CC10038025C8503900F1FBB6 /* Project object */;
}
